
Microsoft Visual Studio Solution File, Format Version 12.00
# Visual Studio Version 16
VisualStudioVersion = 16.0.29326.143
MinimumVisualStudioVersion = 10.0.40219.1
Project("{9A19103F-16F7-4668-BE54-9A1E7A4F7556}") = "StoreApplication.App", "StoreApplication.App\StoreApplication.App.csproj", "{DFA2DA8C-572B-4D1C-905A-FFB20CFBE84F}"
EndProject
Project("{FAE04EC0-301F-11D3-BF4B-00C04F79EFBC}") = "StoreApplication.Library", "StoreApplication.Library\StoreApplication.Library.csproj", "{E3BF32AE-20A6-4AB3-8FE7-93C3E621D01F}"
EndProject
Project("{FAE04EC0-301F-11D3-BF4B-00C04F79EFBC}") = "StoreApplication.Tests", "StoreApplication.Tests\StoreApplication.Tests.csproj", "{3D0FE525-AA13-4A4E-93CF-A7F3F42953C4}"
EndProject
Global
	GlobalSection(SolutionConfigurationPlatforms) = preSolution
		Debug|Any CPU = Debug|Any CPU
		Release|Any CPU = Release|Any CPU
	EndGlobalSection
	GlobalSection(ProjectConfigurationPlatforms) = postSolution
		{DFA2DA8C-572B-4D1C-905A-FFB20CFBE84F}.Debug|Any CPU.ActiveCfg = Debug|Any CPU
		{DFA2DA8C-572B-4D1C-905A-FFB20CFBE84F}.Debug|Any CPU.Build.0 = Debug|Any CPU
		{DFA2DA8C-572B-4D1C-905A-FFB20CFBE84F}.Release|Any CPU.ActiveCfg = Release|Any CPU
		{DFA2DA8C-572B-4D1C-905A-FFB20CFBE84F}.Release|Any CPU.Build.0 = Release|Any CPU
		{E3BF32AE-20A6-4AB3-8FE7-93C3E621D01F}.Debug|Any CPU.ActiveCfg = Debug|Any CPU
		{E3BF32AE-20A6-4AB3-8FE7-93C3E621D01F}.Debug|Any CPU.Build.0 = Debug|Any CPU
		{E3BF32AE-20A6-4AB3-8FE7-93C3E621D01F}.Release|Any CPU.ActiveCfg = Release|Any CPU
		{E3BF32AE-20A6-4AB3-8FE7-93C3E621D01F}.Release|Any CPU.Build.0 = Release|Any CPU
		{3D0FE525-AA13-4A4E-93CF-A7F3F42953C4}.Debug|Any CPU.ActiveCfg = Debug|Any CPU
		{3D0FE525-AA13-4A4E-93CF-A7F3F42953C4}.Debug|Any CPU.Build.0 = Debug|Any CPU
		{3D0FE525-AA13-4A4E-93CF-A7F3F42953C4}.Release|Any CPU.ActiveCfg = Release|Any CPU
		{3D0FE525-AA13-4A4E-93CF-A7F3F42953C4}.Release|Any CPU.Build.0 = Release|Any CPU
	EndGlobalSection
	GlobalSection(SolutionProperties) = preSolution
		HideSolutionNode = FALSE
	EndGlobalSection
	GlobalSection(ExtensibilityGlobals) = postSolution
		SolutionGuid = {5623CE1F-5E03-47ED-A27F-E3B80C2BEDC9}
	EndGlobalSection
EndGlobal
